# This file was autogenerated by Stack.
# You should not edit this file by hand.
# For more information, please see the documentation at:
#   https://docs.haskellstack.org/en/stable/topics/lock_files

packages:
- completed:
    commit: 083610bf6c0e8e6d1d293079826fa9c351532344
    git: https://github.com/learnew2/keycloak-api.git
    name: keycloak-api
    pantry-tree:
      sha256: 297f85ce9cff00846f21c5ef1fe67ee2275e0b0e3f2d8212c625cc17ccbb7192
      size: 1069
    version: 0.1.2.3
  original:
    commit: 083610bf6c0e8e6d1d293079826fa9c351532344
    git: https://github.com/learnew2/keycloak-api.git
- completed:
    commit: 3a9b7f55bed282b02da41bf849c5334548cbcaf5
    git: https://github.com/learnew2/redis-utils.git
    name: redis-utils
    pantry-tree:
      sha256: a87a3790c934586a1f43200b889462956288805bd3bcafa562390f6fabfb47d4
      size: 537
    version: 0.1.0.0
  original:
    commit: 3a9b7f55bed282b02da41bf849c5334548cbcaf5
    git: https://github.com/learnew2/redis-utils.git
- completed:
    commit: b3a2078fd499aee48713f6fc010f5cbffc23ad79
    git: https://github.com/learnew2/api-common.git
    name: api-common
    pantry-tree:
      sha256: d66c455c44483be3d9664e212b07793a82a5a589d485e7de7a24a2a81d8c9e93
      size: 1483
    version: 0.1.2.2
  original:
    commit: b3a2078fd499aee48713f6fc010f5cbffc23ad79
    git: https://github.com/learnew2/api-common.git
snapshots:
- completed:
    sha256: 350737ef1c4c748f4c7ff56b6e74f2f6d15039a2f148662a8ec1aded016b80d0
    size: 640033
    url: https://raw.githubusercontent.com/commercialhaskell/stackage-snapshots/master/lts/21/15.yaml
  original:
    url: https://raw.githubusercontent.com/commercialhaskell/stackage-snapshots/master/lts/21/15.yaml
