# This file was autogenerated by Stack.
# You should not edit this file by hand.
# For more information, please see the documentation at:
#   https://docs.haskellstack.org/en/stable/topics/lock_files

packages:
- completed:
    commit: e93395e0ca9c200b9a2fe7e2b7d3d30e73194e3d
    git: https://github.com/learnew2/keycloak-api.git
    name: keycloak-api
    pantry-tree:
      sha256: fb1176d8fa3803f7cf64111e2d950202aa7e24643e37faad929111259a0e0f3f
      size: 1213
    version: 0.1.3.1
  original:
    commit: e93395e0ca9c200b9a2fe7e2b7d3d30e73194e3d
    git: https://github.com/learnew2/keycloak-api.git
- completed:
    commit: 3a9b7f55bed282b02da41bf849c5334548cbcaf5
    git: https://github.com/learnew2/redis-utils.git
    name: redis-utils
    pantry-tree:
      sha256: a87a3790c934586a1f43200b889462956288805bd3bcafa562390f6fabfb47d4
      size: 537
    version: 0.1.0.0
  original:
    commit: 3a9b7f55bed282b02da41bf849c5334548cbcaf5
    git: https://github.com/learnew2/redis-utils.git
- completed:
    commit: 9d849a80f0ca07261508da30710085ef7a44554f
    git: https://github.com/learnew2/api-common.git
    name: api-common
    pantry-tree:
      sha256: 12b32b02f5d91032176ce37be1a469357939b28007ffdcf2351382e6b5a29a35
      size: 1483
    version: 0.1.2.4
  original:
    commit: 9d849a80f0ca07261508da30710085ef7a44554f
    git: https://github.com/learnew2/api-common.git
snapshots:
- completed:
    sha256: 350737ef1c4c748f4c7ff56b6e74f2f6d15039a2f148662a8ec1aded016b80d0
    size: 640033
    url: https://raw.githubusercontent.com/commercialhaskell/stackage-snapshots/master/lts/21/15.yaml
  original:
    url: https://raw.githubusercontent.com/commercialhaskell/stackage-snapshots/master/lts/21/15.yaml
