# This file was autogenerated by Stack.
# You should not edit this file by hand.
# For more information, please see the documentation at:
#   https://docs.haskellstack.org/en/stable/topics/lock_files

packages:
- completed:
    commit: 79c2e38f061d06701d9e412d55d50efa4fbd5229
    git: https://github.com/learnew2/keycloak-api.git
    name: keycloak-api
    pantry-tree:
      sha256: 73b399043aebd56966b5d3cffcb922a11668fa81619379cb2f8253ac0ab8f4b9
      size: 1213
    version: 0.1.3.5
  original:
    commit: 79c2e38f061d06701d9e412d55d50efa4fbd5229
    git: https://github.com/learnew2/keycloak-api.git
- completed:
    commit: 3a9b7f55bed282b02da41bf849c5334548cbcaf5
    git: https://github.com/learnew2/redis-utils.git
    name: redis-utils
    pantry-tree:
      sha256: a87a3790c934586a1f43200b889462956288805bd3bcafa562390f6fabfb47d4
      size: 537
    version: 0.1.0.0
  original:
    commit: 3a9b7f55bed282b02da41bf849c5334548cbcaf5
    git: https://github.com/learnew2/redis-utils.git
- completed:
    commit: 896310e221882814506597ff37899438fd94396c
    git: https://github.com/learnew2/api-common.git
    name: api-common
    pantry-tree:
      sha256: 212ca928eb29338d82f4e1bc7d463396f288bf74fb0df4272a876c14c0037448
      size: 1727
    version: 0.1.2.9
  original:
    commit: 896310e221882814506597ff37899438fd94396c
    git: https://github.com/learnew2/api-common.git
snapshots:
- completed:
    sha256: 350737ef1c4c748f4c7ff56b6e74f2f6d15039a2f148662a8ec1aded016b80d0
    size: 640033
    url: https://raw.githubusercontent.com/commercialhaskell/stackage-snapshots/master/lts/21/15.yaml
  original:
    url: https://raw.githubusercontent.com/commercialhaskell/stackage-snapshots/master/lts/21/15.yaml
