# This file was autogenerated by Stack.
# You should not edit this file by hand.
# For more information, please see the documentation at:
#   https://docs.haskellstack.org/en/stable/topics/lock_files

packages:
- completed:
    commit: 5b5c25ab644379d02abba9d1ed7f415ce79df89c
    git: https://github.com/learnew2/keycloak-api.git
    name: keycloak-api
    pantry-tree:
      sha256: 4adc66965a524e88bc8ce7771a585284f19c3f2a2f11a586c3da3ba308f628b1
      size: 1213
    version: 0.1.3.4
  original:
    commit: 5b5c25ab644379d02abba9d1ed7f415ce79df89c
    git: https://github.com/learnew2/keycloak-api.git
- completed:
    commit: 702fc6ffe1d1ce178758983feb56af6670cca61d
    git: https://github.com/learnew2/api-common.git
    name: api-common
    pantry-tree:
      sha256: 3caa89966e9f155b8ed06ed575b1c3923e5865a1311c049f4f15f677828ac70b
      size: 1975
    version: 0.1.4.0
  original:
    commit: 702fc6ffe1d1ce178758983feb56af6670cca61d
    git: https://github.com/learnew2/api-common.git
- completed:
    commit: 17d9d56aa5e14c88e7a29987dac3c1e20251f811
    git: https://github.com/learnew2/proxmox-api.git
    name: proxmox-api
    pantry-tree:
      sha256: 98187f2c3eae416c2260971df879637dbe7de4e2688ffed41dd22d32e43c9ec1
      size: 1528
    version: 0.1.0.1
  original:
    commit: 17d9d56aa5e14c88e7a29987dac3c1e20251f811
    git: https://github.com/learnew2/proxmox-api.git
- completed:
    commit: 3a9b7f55bed282b02da41bf849c5334548cbcaf5
    git: https://github.com/learnew2/redis-utils.git
    name: redis-utils
    pantry-tree:
      sha256: a87a3790c934586a1f43200b889462956288805bd3bcafa562390f6fabfb47d4
      size: 537
    version: 0.1.0.0
  original:
    commit: 3a9b7f55bed282b02da41bf849c5334548cbcaf5
    git: https://github.com/learnew2/redis-utils.git
snapshots:
- completed:
    sha256: 350737ef1c4c748f4c7ff56b6e74f2f6d15039a2f148662a8ec1aded016b80d0
    size: 640033
    url: https://raw.githubusercontent.com/commercialhaskell/stackage-snapshots/master/lts/21/15.yaml
  original:
    url: https://raw.githubusercontent.com/commercialhaskell/stackage-snapshots/master/lts/21/15.yaml
